// !$*UTF8*$!
{
	archiveVersion = 1;
	classes = {
	};
	objectVersion = 51;
	objects = {

/* Begin PBXBuildFile section */
		0822EFF340D91B5894FFEE2A /* Pods_Connctme.framework in Frameworks */ = {isa = PBXBuildFile; fileRef = 74B09E3E2BD963F7A850102F /* Pods_Connctme.framework */; };
		3F3C04CE253159C7005B8E95 /* AddConnectionScreen.swift in Sources */ = {isa = PBXBuildFile; fileRef = 3F3C04CD253159C7005B8E95 /* AddConnectionScreen.swift */; };
		3F3C04D1253159F7005B8E95 /* ProfileScreen.swift in Sources */ = {isa = PBXBuildFile; fileRef = 3F3C04D0253159F7005B8E95 /* ProfileScreen.swift */; };
		3F3C04D525315A2C005B8E95 /* ConnectionsScreen.swift in Sources */ = {isa = PBXBuildFile; fileRef = 3F3C04D425315A2C005B8E95 /* ConnectionsScreen.swift */; };
		3F3C051A25329C79005B8E95 /* PlaceholderConnections.swift in Sources */ = {isa = PBXBuildFile; fileRef = 3F3C051925329C79005B8E95 /* PlaceholderConnections.swift */; };
		3FCD2BD325314DD6007F87CF /* ConnctmeApp.swift in Sources */ = {isa = PBXBuildFile; fileRef = 3FCD2BD225314DD6007F87CF /* ConnctmeApp.swift */; };
		3FCD2BD525314DD6007F87CF /* ContentView.swift in Sources */ = {isa = PBXBuildFile; fileRef = 3FCD2BD425314DD6007F87CF /* ContentView.swift */; };
		3FCD2BD725314DDD007F87CF /* Assets.xcassets in Resources */ = {isa = PBXBuildFile; fileRef = 3FCD2BD625314DDD007F87CF /* Assets.xcassets */; };
		3FCD2BDA25314DDD007F87CF /* Preview Assets.xcassets in Resources */ = {isa = PBXBuildFile; fileRef = 3FCD2BD925314DDD007F87CF /* Preview Assets.xcassets */; };
		3FCD2BDC25314DDD007F87CF /* Persistence.swift in Sources */ = {isa = PBXBuildFile; fileRef = 3FCD2BDB25314DDD007F87CF /* Persistence.swift */; };
		3FCD2BDF25314DDD007F87CF /* Connctme.xcdatamodeld in Sources */ = {isa = PBXBuildFile; fileRef = 3FCD2BDD25314DDD007F87CF /* Connctme.xcdatamodeld */; };
		85E331302532118A00A8E476 /* GoogleService-Info.plist in Resources */ = {isa = PBXBuildFile; fileRef = 85E3312F2532118A00A8E476 /* GoogleService-Info.plist */; };
		B5B4AE3825323CB4008BC0DD /* PDFKitView.swift in Sources */ = {isa = PBXBuildFile; fileRef = B5B4AE3725323CB4008BC0DD /* PDFKitView.swift */; };
		B5E3346B253181DE006BAD42 /* Connection.swift in Sources */ = {isa = PBXBuildFile; fileRef = B5E3346A253181DE006BAD42 /* Connection.swift */; };
		B5E3347C2531EED9006BAD42 /* Profile.swift in Sources */ = {isa = PBXBuildFile; fileRef = B5E3347B2531EED9006BAD42 /* Profile.swift */; };
		D7B8531925315EFB00D9946C /* PersonView.swift in Sources */ = {isa = PBXBuildFile; fileRef = D7B8531825315EFB00D9946C /* PersonView.swift */; };
		D7B853212531601700D9946C /* ProfileImage.swift in Sources */ = {isa = PBXBuildFile; fileRef = D7B853202531601700D9946C /* ProfileImage.swift */; };
		D7B853242531626A00D9946C /* SmallMap.swift in Sources */ = {isa = PBXBuildFile; fileRef = D7B853232531626A00D9946C /* SmallMap.swift */; };
		D7B853272531681100D9946C /* Tag.swift in Sources */ = {isa = PBXBuildFile; fileRef = D7B853262531681100D9946C /* Tag.swift */; };
/* End PBXBuildFile section */

/* Begin PBXFileReference section */
		3F3C04CD253159C7005B8E95 /* AddConnectionScreen.swift */ = {isa = PBXFileReference; lastKnownFileType = sourcecode.swift; path = AddConnectionScreen.swift; sourceTree = "<group>"; };
		3F3C04D0253159F7005B8E95 /* ProfileScreen.swift */ = {isa = PBXFileReference; lastKnownFileType = sourcecode.swift; path = ProfileScreen.swift; sourceTree = "<group>"; };
		3F3C04D425315A2C005B8E95 /* ConnectionsScreen.swift */ = {isa = PBXFileReference; lastKnownFileType = sourcecode.swift; path = ConnectionsScreen.swift; sourceTree = "<group>"; };
		3F3C051925329C79005B8E95 /* PlaceholderConnections.swift */ = {isa = PBXFileReference; lastKnownFileType = sourcecode.swift; path = PlaceholderConnections.swift; sourceTree = "<group>"; };
		3FCD2BCF25314DD6007F87CF /* Connctme.app */ = {isa = PBXFileReference; explicitFileType = wrapper.application; includeInIndex = 0; path = Connctme.app; sourceTree = BUILT_PRODUCTS_DIR; };
		3FCD2BD225314DD6007F87CF /* ConnctmeApp.swift */ = {isa = PBXFileReference; lastKnownFileType = sourcecode.swift; path = ConnctmeApp.swift; sourceTree = "<group>"; };
		3FCD2BD425314DD6007F87CF /* ContentView.swift */ = {isa = PBXFileReference; lastKnownFileType = sourcecode.swift; path = ContentView.swift; sourceTree = "<group>"; };
		3FCD2BD625314DDD007F87CF /* Assets.xcassets */ = {isa = PBXFileReference; lastKnownFileType = folder.assetcatalog; path = Assets.xcassets; sourceTree = "<group>"; };
		3FCD2BD925314DDD007F87CF /* Preview Assets.xcassets */ = {isa = PBXFileReference; lastKnownFileType = folder.assetcatalog; path = "Preview Assets.xcassets"; sourceTree = "<group>"; };
		3FCD2BDB25314DDD007F87CF /* Persistence.swift */ = {isa = PBXFileReference; lastKnownFileType = sourcecode.swift; path = Persistence.swift; sourceTree = "<group>"; };
		3FCD2BDE25314DDD007F87CF /* Connctme.xcdatamodel */ = {isa = PBXFileReference; lastKnownFileType = wrapper.xcdatamodel; path = Connctme.xcdatamodel; sourceTree = "<group>"; };
		3FCD2BE025314DDD007F87CF /* Info.plist */ = {isa = PBXFileReference; lastKnownFileType = text.plist.xml; path = Info.plist; sourceTree = "<group>"; };
		74B09E3E2BD963F7A850102F /* Pods_Connctme.framework */ = {isa = PBXFileReference; explicitFileType = wrapper.framework; includeInIndex = 0; path = Pods_Connctme.framework; sourceTree = BUILT_PRODUCTS_DIR; };
		85E3312F2532118A00A8E476 /* GoogleService-Info.plist */ = {isa = PBXFileReference; fileEncoding = 4; lastKnownFileType = text.plist.xml; path = "GoogleService-Info.plist"; sourceTree = "<group>"; };
		B5B4AE3725323CB4008BC0DD /* PDFKitView.swift */ = {isa = PBXFileReference; lastKnownFileType = sourcecode.swift; path = PDFKitView.swift; sourceTree = "<group>"; };
		B5E3346A253181DE006BAD42 /* Connection.swift */ = {isa = PBXFileReference; lastKnownFileType = sourcecode.swift; path = Connection.swift; sourceTree = "<group>"; };
		B5E3347B2531EED9006BAD42 /* Profile.swift */ = {isa = PBXFileReference; lastKnownFileType = sourcecode.swift; path = Profile.swift; sourceTree = "<group>"; };
		D7B8531825315EFB00D9946C /* PersonView.swift */ = {isa = PBXFileReference; lastKnownFileType = sourcecode.swift; name = PersonView.swift; path = ConnctMe/PersonView.swift; sourceTree = SOURCE_ROOT; };
		D7B853202531601700D9946C /* ProfileImage.swift */ = {isa = PBXFileReference; lastKnownFileType = sourcecode.swift; name = ProfileImage.swift; path = ConnctMe/ProfileImage.swift; sourceTree = SOURCE_ROOT; };
		D7B853232531626A00D9946C /* SmallMap.swift */ = {isa = PBXFileReference; lastKnownFileType = sourcecode.swift; name = SmallMap.swift; path = ConnctMe/SmallMap.swift; sourceTree = SOURCE_ROOT; };
		D7B853262531681100D9946C /* Tag.swift */ = {isa = PBXFileReference; lastKnownFileType = sourcecode.swift; name = Tag.swift; path = ConnctMe/Tag.swift; sourceTree = SOURCE_ROOT; };
		EC238C96BFBD6BB9446698AF /* Pods-Connctme.debug.xcconfig */ = {isa = PBXFileReference; includeInIndex = 1; lastKnownFileType = text.xcconfig; name = "Pods-Connctme.debug.xcconfig"; path = "Target Support Files/Pods-Connctme/Pods-Connctme.debug.xcconfig"; sourceTree = "<group>"; };
		EF5898208AB646E840A11DE2 /* Pods-Connctme.release.xcconfig */ = {isa = PBXFileReference; includeInIndex = 1; lastKnownFileType = text.xcconfig; name = "Pods-Connctme.release.xcconfig"; path = "Target Support Files/Pods-Connctme/Pods-Connctme.release.xcconfig"; sourceTree = "<group>"; };
/* End PBXFileReference section */

/* Begin PBXFrameworksBuildPhase section */
		3FCD2BCC25314DD6007F87CF /* Frameworks */ = {
			isa = PBXFrameworksBuildPhase;
			buildActionMask = 2147483647;
			files = (
				0822EFF340D91B5894FFEE2A /* Pods_Connctme.framework in Frameworks */,
			);
			runOnlyForDeploymentPostprocessing = 0;
		};
/* End PBXFrameworksBuildPhase section */

/* Begin PBXGroup section */
		3FCD2BC625314DD5007F87CF = {
			isa = PBXGroup;
			children = (
				3FCD2BD125314DD6007F87CF /* Connctme */,
				3FCD2BD025314DD6007F87CF /* Products */,
				C77FE07D0F54922FB4BDD640 /* Pods */,
				41B4522C1A0221758ED45AE5 /* Frameworks */,
			);
			sourceTree = "<group>";
		};
		3FCD2BD025314DD6007F87CF /* Products */ = {
			isa = PBXGroup;
			children = (
				3FCD2BCF25314DD6007F87CF /* Connctme.app */,
			);
			name = Products;
			sourceTree = "<group>";
		};
		3FCD2BD125314DD6007F87CF /* Connctme */ = {
			isa = PBXGroup;
			children = (
				3FCD2BD225314DD6007F87CF /* ConnctmeApp.swift */,
				3F3C04CD253159C7005B8E95 /* AddConnectionScreen.swift */,
				3F3C04D425315A2C005B8E95 /* ConnectionsScreen.swift */,
				B5E3346A253181DE006BAD42 /* Connection.swift */,
				3F3C051925329C79005B8E95 /* PlaceholderConnections.swift */,
				3F3C04D0253159F7005B8E95 /* ProfileScreen.swift */,
				B5E3347B2531EED9006BAD42 /* Profile.swift */,
				3FCD2BD425314DD6007F87CF /* ContentView.swift */,
				3FCD2BD625314DDD007F87CF /* Assets.xcassets */,
				3FCD2BDB25314DDD007F87CF /* Persistence.swift */,
				3FCD2BE025314DDD007F87CF /* Info.plist */,
				3FCD2BDD25314DDD007F87CF /* Connctme.xcdatamodeld */,
				3FCD2BD825314DDD007F87CF /* Preview Content */,
				D7B8531825315EFB00D9946C /* PersonView.swift */,
				D7B853262531681100D9946C /* Tag.swift */,
				D7B853232531626A00D9946C /* SmallMap.swift */,
				D7B853202531601700D9946C /* ProfileImage.swift */,
				85E3312F2532118A00A8E476 /* GoogleService-Info.plist */,
				B5B4AE3725323CB4008BC0DD /* PDFKitView.swift */,
			);
			path = Connctme;
			sourceTree = "<group>";
		};
		3FCD2BD825314DDD007F87CF /* Preview Content */ = {
			isa = PBXGroup;
			children = (
				3FCD2BD925314DDD007F87CF /* Preview Assets.xcassets */,
			);
			path = "Preview Content";
			sourceTree = "<group>";
		};
		41B4522C1A0221758ED45AE5 /* Frameworks */ = {
			isa = PBXGroup;
			children = (
				74B09E3E2BD963F7A850102F /* Pods_Connctme.framework */,
			);
			name = Frameworks;
			sourceTree = "<group>";
		};
		C77FE07D0F54922FB4BDD640 /* Pods */ = {
			isa = PBXGroup;
			children = (
				EC238C96BFBD6BB9446698AF /* Pods-Connctme.debug.xcconfig */,
				EF5898208AB646E840A11DE2 /* Pods-Connctme.release.xcconfig */,
			);
			path = Pods;
			sourceTree = "<group>";
		};
/* End PBXGroup section */

/* Begin PBXNativeTarget section */
		3FCD2BCE25314DD6007F87CF /* Connctme */ = {
			isa = PBXNativeTarget;
			buildConfigurationList = 3FCD2BE325314DDE007F87CF /* Build configuration list for PBXNativeTarget "Connctme" */;
			buildPhases = (
				BBE6397CEABD5CFFA08D481F /* [CP] Check Pods Manifest.lock */,
				3FCD2BCB25314DD6007F87CF /* Sources */,
				3FCD2BCC25314DD6007F87CF /* Frameworks */,
				3FCD2BCD25314DD6007F87CF /* Resources */,
				2586783F1FB559CC6F24C6EA /* [CP] Embed Pods Frameworks */,
			);
			buildRules = (
			);
			dependencies = (
			);
			name = Connctme;
			productName = Connctme;
			productReference = 3FCD2BCF25314DD6007F87CF /* Connctme.app */;
			productType = "com.apple.product-type.application";
		};
/* End PBXNativeTarget section */

/* Begin PBXProject section */
		3FCD2BC725314DD5007F87CF /* Project object */ = {
			isa = PBXProject;
			attributes = {
				LastSwiftUpdateCheck = 1200;
				LastUpgradeCheck = 1200;
				TargetAttributes = {
					3FCD2BCE25314DD6007F87CF = {
						CreatedOnToolsVersion = 12.0.1;
					};
				};
			};
			buildConfigurationList = 3FCD2BCA25314DD5007F87CF /* Build configuration list for PBXProject "Connctme" */;
			compatibilityVersion = "Xcode 9.3";
			developmentRegion = en;
			hasScannedForEncodings = 0;
			knownRegions = (
				en,
				Base,
			);
			mainGroup = 3FCD2BC625314DD5007F87CF;
			productRefGroup = 3FCD2BD025314DD6007F87CF /* Products */;
			projectDirPath = "";
			projectRoot = "";
			targets = (
				3FCD2BCE25314DD6007F87CF /* Connctme */,
			);
		};
/* End PBXProject section */

/* Begin PBXResourcesBuildPhase section */
		3FCD2BCD25314DD6007F87CF /* Resources */ = {
			isa = PBXResourcesBuildPhase;
			buildActionMask = 2147483647;
			files = (
				3FCD2BDA25314DDD007F87CF /* Preview Assets.xcassets in Resources */,
				3FCD2BD725314DDD007F87CF /* Assets.xcassets in Resources */,
				85E331302532118A00A8E476 /* GoogleService-Info.plist in Resources */,
			);
			runOnlyForDeploymentPostprocessing = 0;
		};
/* End PBXResourcesBuildPhase section */

/* Begin PBXShellScriptBuildPhase section */
		2586783F1FB559CC6F24C6EA /* [CP] Embed Pods Frameworks */ = {
			isa = PBXShellScriptBuildPhase;
			buildActionMask = 2147483647;
			files = (
			);
			inputFileListPaths = (
				"${PODS_ROOT}/Target Support Files/Pods-Connctme/Pods-Connctme-frameworks-${CONFIGURATION}-input-files.xcfilelist",
			);
			name = "[CP] Embed Pods Frameworks";
			outputFileListPaths = (
				"${PODS_ROOT}/Target Support Files/Pods-Connctme/Pods-Connctme-frameworks-${CONFIGURATION}-output-files.xcfilelist",
			);
			runOnlyForDeploymentPostprocessing = 0;
			shellPath = /bin/sh;
			shellScript = "\"${PODS_ROOT}/Target Support Files/Pods-Connctme/Pods-Connctme-frameworks.sh\"\n";
			showEnvVarsInLog = 0;
		};
		BBE6397CEABD5CFFA08D481F /* [CP] Check Pods Manifest.lock */ = {
			isa = PBXShellScriptBuildPhase;
			buildActionMask = 2147483647;
			files = (
			);
			inputFileListPaths = (
			);
			inputPaths = (
				"${PODS_PODFILE_DIR_PATH}/Podfile.lock",
				"${PODS_ROOT}/Manifest.lock",
			);
			name = "[CP] Check Pods Manifest.lock";
			outputFileListPaths = (
			);
			outputPaths = (
				"$(DERIVED_FILE_DIR)/Pods-Connctme-checkManifestLockResult.txt",
			);
			runOnlyForDeploymentPostprocessing = 0;
			shellPath = /bin/sh;
			shellScript = "diff \"${PODS_PODFILE_DIR_PATH}/Podfile.lock\" \"${PODS_ROOT}/Manifest.lock\" > /dev/null\nif [ $? != 0 ] ; then\n    # print error to STDERR\n    echo \"error: The sandbox is not in sync with the Podfile.lock. Run 'pod install' or update your CocoaPods installation.\" >&2\n    exit 1\nfi\n# This output is used by Xcode 'outputs' to avoid re-running this script phase.\necho \"SUCCESS\" > \"${SCRIPT_OUTPUT_FILE_0}\"\n";
			showEnvVarsInLog = 0;
		};
/* End PBXShellScriptBuildPhase section */

/* Begin PBXSourcesBuildPhase section */
		3FCD2BCB25314DD6007F87CF /* Sources */ = {
			isa = PBXSourcesBuildPhase;
			buildActionMask = 2147483647;
			files = (
				3FCD2BDF25314DDD007F87CF /* Connctme.xcdatamodeld in Sources */,
				3F3C051A25329C79005B8E95 /* PlaceholderConnections.swift in Sources */,
				3F3C04D1253159F7005B8E95 /* ProfileScreen.swift in Sources */,
				D7B853242531626A00D9946C /* SmallMap.swift in Sources */,
				B5E3347C2531EED9006BAD42 /* Profile.swift in Sources */,
				3FCD2BDC25314DDD007F87CF /* Persistence.swift in Sources */,
				3F3C04D525315A2C005B8E95 /* ConnectionsScreen.swift in Sources */,
				D7B853212531601700D9946C /* ProfileImage.swift in Sources */,
				D7B853272531681100D9946C /* Tag.swift in Sources */,
				B5E3346B253181DE006BAD42 /* Connection.swift in Sources */,
				3FCD2BD525314DD6007F87CF /* ContentView.swift in Sources */,
				D7B8531925315EFB00D9946C /* PersonView.swift in Sources */,
				3FCD2BD325314DD6007F87CF /* ConnctmeApp.swift in Sources */,
				B5B4AE3825323CB4008BC0DD /* PDFKitView.swift in Sources */,
				3F3C04CE253159C7005B8E95 /* AddConnectionScreen.swift in Sources */,
			);
			runOnlyForDeploymentPostprocessing = 0;
		};
/* End PBXSourcesBuildPhase section */

/* Begin XCBuildConfiguration section */
		3FCD2BE125314DDD007F87CF /* Debug */ = {
			isa = XCBuildConfiguration;
			buildSettings = {
				ALWAYS_SEARCH_USER_PATHS = NO;
				CLANG_ANALYZER_NONNULL = YES;
				CLANG_ANALYZER_NUMBER_OBJECT_CONVERSION = YES_AGGRESSIVE;
				CLANG_CXX_LANGUAGE_STANDARD = "gnu++14";
				CLANG_CXX_LIBRARY = "libc++";
				CLANG_ENABLE_MODULES = YES;
				CLANG_ENABLE_OBJC_ARC = YES;
				CLANG_ENABLE_OBJC_WEAK = YES;
				CLANG_WARN_BLOCK_CAPTURE_AUTORELEASING = YES;
				CLANG_WARN_BOOL_CONVERSION = YES;
				CLANG_WARN_COMMA = YES;
				CLANG_WARN_CONSTANT_CONVERSION = YES;
				CLANG_WARN_DEPRECATED_OBJC_IMPLEMENTATIONS = YES;
				CLANG_WARN_DIRECT_OBJC_ISA_USAGE = YES_ERROR;
				CLANG_WARN_DOCUMENTATION_COMMENTS = YES;
				CLANG_WARN_EMPTY_BODY = YES;
				CLANG_WARN_ENUM_CONVERSION = YES;
				CLANG_WARN_INFINITE_RECURSION = YES;
				CLANG_WARN_INT_CONVERSION = YES;
				CLANG_WARN_NON_LITERAL_NULL_CONVERSION = YES;
				CLANG_WARN_OBJC_IMPLICIT_RETAIN_SELF = YES;
				CLANG_WARN_OBJC_LITERAL_CONVERSION = YES;
				CLANG_WARN_OBJC_ROOT_CLASS = YES_ERROR;
				CLANG_WARN_QUOTED_INCLUDE_IN_FRAMEWORK_HEADER = YES;
				CLANG_WARN_RANGE_LOOP_ANALYSIS = YES;
				CLANG_WARN_STRICT_PROTOTYPES = YES;
				CLANG_WARN_SUSPICIOUS_MOVE = YES;
				CLANG_WARN_UNGUARDED_AVAILABILITY = YES_AGGRESSIVE;
				CLANG_WARN_UNREACHABLE_CODE = YES;
				CLANG_WARN__DUPLICATE_METHOD_MATCH = YES;
				COPY_PHASE_STRIP = NO;
				DEBUG_INFORMATION_FORMAT = dwarf;
				ENABLE_STRICT_OBJC_MSGSEND = YES;
				ENABLE_TESTABILITY = YES;
				GCC_C_LANGUAGE_STANDARD = gnu11;
				GCC_DYNAMIC_NO_PIC = NO;
				GCC_NO_COMMON_BLOCKS = YES;
				GCC_OPTIMIZATION_LEVEL = 0;
				GCC_PREPROCESSOR_DEFINITIONS = (
					"DEBUG=1",
					"$(inherited)",
				);
				GCC_WARN_64_TO_32_BIT_CONVERSION = YES;
				GCC_WARN_ABOUT_RETURN_TYPE = YES_ERROR;
				GCC_WARN_UNDECLARED_SELECTOR = YES;
				GCC_WARN_UNINITIALIZED_AUTOS = YES_AGGRESSIVE;
				GCC_WARN_UNUSED_FUNCTION = YES;
				GCC_WARN_UNUSED_VARIABLE = YES;
				IPHONEOS_DEPLOYMENT_TARGET = 14.0;
				MTL_ENABLE_DEBUG_INFO = INCLUDE_SOURCE;
				MTL_FAST_MATH = YES;
				ONLY_ACTIVE_ARCH = YES;
				SDKROOT = iphoneos;
				SWIFT_ACTIVE_COMPILATION_CONDITIONS = DEBUG;
				SWIFT_OPTIMIZATION_LEVEL = "-Onone";
			};
			name = Debug;
		};
		3FCD2BE225314DDD007F87CF /* Release */ = {
			isa = XCBuildConfiguration;
			buildSettings = {
				ALWAYS_SEARCH_USER_PATHS = NO;
				CLANG_ANALYZER_NONNULL = YES;
				CLANG_ANALYZER_NUMBER_OBJECT_CONVERSION = YES_AGGRESSIVE;
				CLANG_CXX_LANGUAGE_STANDARD = "gnu++14";
				CLANG_CXX_LIBRARY = "libc++";
				CLANG_ENABLE_MODULES = YES;
				CLANG_ENABLE_OBJC_ARC = YES;
				CLANG_ENABLE_OBJC_WEAK = YES;
				CLANG_WARN_BLOCK_CAPTURE_AUTORELEASING = YES;
				CLANG_WARN_BOOL_CONVERSION = YES;
				CLANG_WARN_COMMA = YES;
				CLANG_WARN_CONSTANT_CONVERSION = YES;
				CLANG_WARN_DEPRECATED_OBJC_IMPLEMENTATIONS = YES;
				CLANG_WARN_DIRECT_OBJC_ISA_USAGE = YES_ERROR;
				CLANG_WARN_DOCUMENTATION_COMMENTS = YES;
				CLANG_WARN_EMPTY_BODY = YES;
				CLANG_WARN_ENUM_CONVERSION = YES;
				CLANG_WARN_INFINITE_RECURSION = YES;
				CLANG_WARN_INT_CONVERSION = YES;
				CLANG_WARN_NON_LITERAL_NULL_CONVERSION = YES;
				CLANG_WARN_OBJC_IMPLICIT_RETAIN_SELF = YES;
				CLANG_WARN_OBJC_LITERAL_CONVERSION = YES;
				CLANG_WARN_OBJC_ROOT_CLASS = YES_ERROR;
				CLANG_WARN_QUOTED_INCLUDE_IN_FRAMEWORK_HEADER = YES;
				CLANG_WARN_RANGE_LOOP_ANALYSIS = YES;
				CLANG_WARN_STRICT_PROTOTYPES = YES;
				CLANG_WARN_SUSPICIOUS_MOVE = YES;
				CLANG_WARN_UNGUARDED_AVAILABILITY = YES_AGGRESSIVE;
				CLANG_WARN_UNREACHABLE_CODE = YES;
				CLANG_WARN__DUPLICATE_METHOD_MATCH = YES;
				COPY_PHASE_STRIP = NO;
				DEBUG_INFORMATION_FORMAT = "dwarf-with-dsym";
				ENABLE_NS_ASSERTIONS = NO;
				ENABLE_STRICT_OBJC_MSGSEND = YES;
				GCC_C_LANGUAGE_STANDARD = gnu11;
				GCC_NO_COMMON_BLOCKS = YES;
				GCC_WARN_64_TO_32_BIT_CONVERSION = YES;
				GCC_WARN_ABOUT_RETURN_TYPE = YES_ERROR;
				GCC_WARN_UNDECLARED_SELECTOR = YES;
				GCC_WARN_UNINITIALIZED_AUTOS = YES_AGGRESSIVE;
				GCC_WARN_UNUSED_FUNCTION = YES;
				GCC_WARN_UNUSED_VARIABLE = YES;
				IPHONEOS_DEPLOYMENT_TARGET = 14.0;
				MTL_ENABLE_DEBUG_INFO = NO;
				MTL_FAST_MATH = YES;
				SDKROOT = iphoneos;
				SWIFT_COMPILATION_MODE = wholemodule;
				SWIFT_OPTIMIZATION_LEVEL = "-O";
				VALIDATE_PRODUCT = YES;
			};
			name = Release;
		};
		3FCD2BE425314DDE007F87CF /* Debug */ = {
			isa = XCBuildConfiguration;
			baseConfigurationReference = EC238C96BFBD6BB9446698AF /* Pods-Connctme.debug.xcconfig */;
			buildSettings = {
				ASSETCATALOG_COMPILER_APPICON_NAME = AppIcon;
				ASSETCATALOG_COMPILER_GLOBAL_ACCENT_COLOR_NAME = AccentColor;
				CODE_SIGN_STYLE = Automatic;
				DEVELOPMENT_ASSET_PATHS = "\"Connctme/Preview Content\"";
				ENABLE_PREVIEWS = YES;
				INFOPLIST_FILE = Connctme/Info.plist;
				IPHONEOS_DEPLOYMENT_TARGET = 14.0;
				LD_RUNPATH_SEARCH_PATHS = (
					"$(inherited)",
					"@executable_path/Frameworks",
				);
				PRODUCT_BUNDLE_IDENTIFIER = online.connctme.app.Connctme;
				PRODUCT_NAME = "$(TARGET_NAME)";
				SWIFT_VERSION = 5.0;
				TARGETED_DEVICE_FAMILY = "1,2";
			};
			name = Debug;
		};
		3FCD2BE525314DDE007F87CF /* Release */ = {
			isa = XCBuildConfiguration;
			baseConfigurationReference = EF5898208AB646E840A11DE2 /* Pods-Connctme.release.xcconfig */;
			buildSettings = {
				ASSETCATALOG_COMPILER_APPICON_NAME = AppIcon;
				ASSETCATALOG_COMPILER_GLOBAL_ACCENT_COLOR_NAME = AccentColor;
				CODE_SIGN_STYLE = Automatic;
				DEVELOPMENT_ASSET_PATHS = "\"Connctme/Preview Content\"";
				ENABLE_PREVIEWS = YES;
				INFOPLIST_FILE = Connctme/Info.plist;
				IPHONEOS_DEPLOYMENT_TARGET = 14.0;
				LD_RUNPATH_SEARCH_PATHS = (
					"$(inherited)",
					"@executable_path/Frameworks",
				);
				PRODUCT_BUNDLE_IDENTIFIER = online.connctme.app.Connctme;
				PRODUCT_NAME = "$(TARGET_NAME)";
				SWIFT_VERSION = 5.0;
				TARGETED_DEVICE_FAMILY = "1,2";
			};
			name = Release;
		};
/* End XCBuildConfiguration section */

/* Begin XCConfigurationList section */
		3FCD2BCA25314DD5007F87CF /* Build configuration list for PBXProject "Connctme" */ = {
			isa = XCConfigurationList;
			buildConfigurations = (
				3FCD2BE125314DDD007F87CF /* Debug */,
				3FCD2BE225314DDD007F87CF /* Release */,
			);
			defaultConfigurationIsVisible = 0;
			defaultConfigurationName = Release;
		};
		3FCD2BE325314DDE007F87CF /* Build configuration list for PBXNativeTarget "Connctme" */ = {
			isa = XCConfigurationList;
			buildConfigurations = (
				3FCD2BE425314DDE007F87CF /* Debug */,
				3FCD2BE525314DDE007F87CF /* Release */,
			);
			defaultConfigurationIsVisible = 0;
			defaultConfigurationName = Release;
		};
/* End XCConfigurationList section */

/* Begin XCVersionGroup section */
		3FCD2BDD25314DDD007F87CF /* Connctme.xcdatamodeld */ = {
			isa = XCVersionGroup;
			children = (
				3FCD2BDE25314DDD007F87CF /* Connctme.xcdatamodel */,
			);
			currentVersion = 3FCD2BDE25314DDD007F87CF /* Connctme.xcdatamodel */;
			path = Connctme.xcdatamodeld;
			sourceTree = "<group>";
			versionGroupType = wrapper.xcdatamodel;
		};
/* End XCVersionGroup section */
	};
	rootObject = 3FCD2BC725314DD5007F87CF /* Project object */;
}
